
Microsoft Visual Studio Solution File, Format Version 12.00
# Visual Studio Version 16
VisualStudioVersion = 16.0.28917.182
MinimumVisualStudioVersion = 10.0.40219.1
Project("{FAE04EC0-301F-11D3-BF4B-00C04F79EFBC}") = "UITest_new", "UITest_new.csproj", "{D150D28D-7631-44CF-A81D-F292B0BEA012}"
EndProject
Global
	GlobalSection(SolutionConfigurationPlatforms) = preSolution
		Debug|Any CPU = Debug|Any CPU
		Release|Any CPU = Release|Any CPU
	EndGlobalSection
	GlobalSection(ProjectConfigurationPlatforms) = postSolution
		{D150D28D-7631-44CF-A81D-F292B0BEA012}.Debug|Any CPU.ActiveCfg = Debug|Any CPU
		{D150D28D-7631-44CF-A81D-F292B0BEA012}.Debug|Any CPU.Build.0 = Debug|Any CPU
		{D150D28D-7631-44CF-A81D-F292B0BEA012}.Release|Any CPU.ActiveCfg = Release|Any CPU
		{D150D28D-7631-44CF-A81D-F292B0BEA012}.Release|Any CPU.Build.0 = Release|Any CPU
	EndGlobalSection
	GlobalSection(SolutionProperties) = preSolution
		HideSolutionNode = FALSE
	EndGlobalSection
	GlobalSection(ExtensibilityGlobals) = postSolution
		SolutionGuid = {E0CCEFE3-97D6-4A1A-8931-AC237A19D580}
	EndGlobalSection
EndGlobal
